// !$*UTF8*$!
{
	archiveVersion = 1;
	classes = {
	};
	objectVersion = 46;
	objects = {

/* Begin PBXBuildFile section */
		01928C701D21E1780031195F /* AppDelegate.swift in Sources */ = {isa = PBXBuildFile; fileRef = 01928C6F1D21E1780031195F /* AppDelegate.swift */; };
		01928C751D21E1780031195F /* Main.storyboard in Resources */ = {isa = PBXBuildFile; fileRef = 01928C731D21E1780031195F /* Main.storyboard */; };
		01928C771D21E1780031195F /* Assets.xcassets in Resources */ = {isa = PBXBuildFile; fileRef = 01928C761D21E1780031195F /* Assets.xcassets */; };
		01928C7A1D21E1780031195F /* LaunchScreen.storyboard in Resources */ = {isa = PBXBuildFile; fileRef = 01928C781D21E1780031195F /* LaunchScreen.storyboard */; };
		01928C841D220D110031195F /* ViewController.swift in Sources */ = {isa = PBXBuildFile; fileRef = 01928C711D21E1780031195F /* ViewController.swift */; };
		019939861D2C23C8007FBE6C /* SalesforceSans-Bold.ttf in Resources */ = {isa = PBXBuildFile; fileRef = 019939821D2C23C8007FBE6C /* SalesforceSans-Bold.ttf */; };
		019939871D2C23C8007FBE6C /* SalesforceSans-Light.ttf in Resources */ = {isa = PBXBuildFile; fileRef = 019939841D2C23C8007FBE6C /* SalesforceSans-Light.ttf */; };
		019939881D2C23C8007FBE6C /* SalesforceSans-Regular.ttf in Resources */ = {isa = PBXBuildFile; fileRef = 019939851D2C23C8007FBE6C /* SalesforceSans-Regular.ttf */; };
/* End PBXBuildFile section */

/* Begin PBXFileReference section */
		01928C6C1D21E1780031195F /* GoDutch.app */ = {isa = PBXFileReference; explicitFileType = wrapper.application; includeInIndex = 0; path = GoDutch.app; sourceTree = BUILT_PRODUCTS_DIR; };
		01928C6F1D21E1780031195F /* AppDelegate.swift */ = {isa = PBXFileReference; lastKnownFileType = sourcecode.swift; path = AppDelegate.swift; sourceTree = "<group>"; };
		01928C711D21E1780031195F /* ViewController.swift */ = {isa = PBXFileReference; lastKnownFileType = sourcecode.swift; path = ViewController.swift; sourceTree = "<group>"; };
		01928C741D21E1780031195F /* Base */ = {isa = PBXFileReference; lastKnownFileType = file.storyboard; name = Base; path = Base.lproj/Main.storyboard; sourceTree = "<group>"; };
		01928C761D21E1780031195F /* Assets.xcassets */ = {isa = PBXFileReference; lastKnownFileType = folder.assetcatalog; path = Assets.xcassets; sourceTree = "<group>"; };
		01928C791D21E1780031195F /* Base */ = {isa = PBXFileReference; lastKnownFileType = file.storyboard; name = Base; path = Base.lproj/LaunchScreen.storyboard; sourceTree = "<group>"; };
		01928C7B1D21E1780031195F /* Info.plist */ = {isa = PBXFileReference; lastKnownFileType = text.plist.xml; path = Info.plist; sourceTree = "<group>"; };
		019939821D2C23C8007FBE6C /* SalesforceSans-Bold.ttf */ = {isa = PBXFileReference; lastKnownFileType = file; name = "SalesforceSans-Bold.ttf"; path = "Pods/DesignSystem/SalesforceDesignSystem.bundle/SalesforceSans-Bold.ttf"; sourceTree = "<group>"; };
		019939831D2C23C8007FBE6C /* en */ = {isa = PBXFileReference; lastKnownFileType = file; name = en; path = "en.lproj/SalesforceSans-Light.ttf"; sourceTree = "<group>"; };
		019939851D2C23C8007FBE6C /* SalesforceSans-Regular.ttf */ = {isa = PBXFileReference; lastKnownFileType = file; name = "SalesforceSans-Regular.ttf"; path = "Pods/DesignSystem/SalesforceDesignSystem.bundle/SalesforceSans-Regular.ttf"; sourceTree = "<group>"; };
		01AB04AF1D315BEB00E45665 /* Header.h */ = {isa = PBXFileReference; lastKnownFileType = sourcecode.c.h; path = Header.h; sourceTree = "<group>"; };
		289515A38BA4367137955A0F /* Pods-GoDutch.release.xcconfig */ = {isa = PBXFileReference; includeInIndex = 1; lastKnownFileType = text.xcconfig; name = "Pods-GoDutch.release.xcconfig"; path = "Pods/Target Support Files/Pods-GoDutch/Pods-GoDutch.release.xcconfig"; sourceTree = "<group>"; };
		6AF113C9F2CB17CB5D2983CB /* Pods-GoDutch.debug.xcconfig */ = {isa = PBXFileReference; includeInIndex = 1; lastKnownFileType = text.xcconfig; name = "Pods-GoDutch.debug.xcconfig"; path = "Pods/Target Support Files/Pods-GoDutch/Pods-GoDutch.debug.xcconfig"; sourceTree = "<group>"; };
/* End PBXFileReference section */

/* Begin PBXFrameworksBuildPhase section */
		01928C691D21E1780031195F /* Frameworks */ = {
			isa = PBXFrameworksBuildPhase;
			buildActionMask = 2147483647;
			files = (
			);
			runOnlyForDeploymentPostprocessing = 0;
		};
/* End PBXFrameworksBuildPhase section */

/* Begin PBXGroup section */
		01928C631D21E1780031195F = {
			isa = PBXGroup;
			children = (
				019939811D2C239E007FBE6C /* Resources */,
				01928C6E1D21E1780031195F /* GoDutch */,
				01928C6D1D21E1780031195F /* Products */,
				BF9C0E2C0B7A4E7555B8595C /* Pods */,
				D6AAC4C3CB3646C8FF6703FA /* Frameworks */,
			);
			sourceTree = "<group>";
		};
		01928C6D1D21E1780031195F /* Products */ = {
			isa = PBXGroup;
			children = (
				01928C6C1D21E1780031195F /* GoDutch.app */,
			);
			name = Products;
			sourceTree = "<group>";
		};
		01928C6E1D21E1780031195F /* GoDutch */ = {
			isa = PBXGroup;
			children = (
				01928C6F1D21E1780031195F /* AppDelegate.swift */,
				01928C711D21E1780031195F /* ViewController.swift */,
				01928C731D21E1780031195F /* Main.storyboard */,
				01928C761D21E1780031195F /* Assets.xcassets */,
				01928C781D21E1780031195F /* LaunchScreen.storyboard */,
				01928C7B1D21E1780031195F /* Info.plist */,
				01AB04AF1D315BEB00E45665 /* Header.h */,
			);
			path = GoDutch;
			sourceTree = "<group>";
		};
		019939811D2C239E007FBE6C /* Resources */ = {
			isa = PBXGroup;
			children = (
				019939851D2C23C8007FBE6C /* SalesforceSans-Regular.ttf */,
				019939841D2C23C8007FBE6C /* SalesforceSans-Light.ttf */,
				019939821D2C23C8007FBE6C /* SalesforceSans-Bold.ttf */,
			);
			name = Resources;
			sourceTree = "<group>";
		};
		BF9C0E2C0B7A4E7555B8595C /* Pods */ = {
			isa = PBXGroup;
			children = (
				6AF113C9F2CB17CB5D2983CB /* Pods-GoDutch.debug.xcconfig */,
				289515A38BA4367137955A0F /* Pods-GoDutch.release.xcconfig */,
			);
			name = Pods;
			sourceTree = "<group>";
		};
		D6AAC4C3CB3646C8FF6703FA /* Frameworks */ = {
			isa = PBXGroup;
			children = (
			);
			name = Frameworks;
			sourceTree = "<group>";
		};
/* End PBXGroup section */

/* Begin PBXNativeTarget section */
		01928C6B1D21E1780031195F /* GoDutch */ = {
			isa = PBXNativeTarget;
			buildConfigurationList = 01928C7E1D21E1780031195F /* Build configuration list for PBXNativeTarget "GoDutch" */;
			buildPhases = (
				7F6DFDC739D3E2BD07920050 /* [CP] Check Pods Manifest.lock */,
				01928C681D21E1780031195F /* Sources */,
				01928C691D21E1780031195F /* Frameworks */,
				01928C6A1D21E1780031195F /* Resources */,
				43917B08F66D99170C3DAD2A /* [CP] Embed Pods Frameworks */,
				1041320BD9A2022F803E17FE /* [CP] Copy Pods Resources */,
			);
			buildRules = (
			);
			dependencies = (
			);
			name = GoDutch;
			productName = GoDutch;
			productReference = 01928C6C1D21E1780031195F /* GoDutch.app */;
			productType = "com.apple.product-type.application";
		};
/* End PBXNativeTarget section */

/* Begin PBXProject section */
		01928C641D21E1780031195F /* Project object */ = {
			isa = PBXProject;
			attributes = {
				LastSwiftUpdateCheck = 0730;
				LastUpgradeCheck = 0730;
				ORGANIZATIONNAME = Chris;
				TargetAttributes = {
					01928C6B1D21E1780031195F = {
						CreatedOnToolsVersion = 7.3.1;
						DevelopmentTeam = YN6EME227V;
					};
				};
			};
			buildConfigurationList = 01928C671D21E1780031195F /* Build configuration list for PBXProject "GoDutch" */;
			compatibilityVersion = "Xcode 3.2";
			developmentRegion = English;
			hasScannedForEncodings = 0;
			knownRegions = (
				en,
				Base,
			);
			mainGroup = 01928C631D21E1780031195F;
			productRefGroup = 01928C6D1D21E1780031195F /* Products */;
			projectDirPath = "";
			projectRoot = "";
			targets = (
				01928C6B1D21E1780031195F /* GoDutch */,
			);
		};
/* End PBXProject section */

/* Begin PBXResourcesBuildPhase section */
		01928C6A1D21E1780031195F /* Resources */ = {
			isa = PBXResourcesBuildPhase;
			buildActionMask = 2147483647;
			files = (
				019939881D2C23C8007FBE6C /* SalesforceSans-Regular.ttf in Resources */,
				019939861D2C23C8007FBE6C /* SalesforceSans-Bold.ttf in Resources */,
				01928C7A1D21E1780031195F /* LaunchScreen.storyboard in Resources */,
				01928C771D21E1780031195F /* Assets.xcassets in Resources */,
				01928C751D21E1780031195F /* Main.storyboard in Resources */,
				019939871D2C23C8007FBE6C /* SalesforceSans-Light.ttf in Resources */,
			);
			runOnlyForDeploymentPostprocessing = 0;
		};
/* End PBXResourcesBuildPhase section */

/* Begin PBXShellScriptBuildPhase section */
		1041320BD9A2022F803E17FE /* [CP] Copy Pods Resources */ = {
			isa = PBXShellScriptBuildPhase;
			buildActionMask = 2147483647;
			files = (
			);
			inputPaths = (
			);
			name = "[CP] Copy Pods Resources";
			outputPaths = (
			);
			runOnlyForDeploymentPostprocessing = 0;
			shellPath = /bin/sh;
			shellScript = "\"${SRCROOT}/Pods/Target Support Files/Pods-GoDutch/Pods-GoDutch-resources.sh\"\n";
			showEnvVarsInLog = 0;
		};
		43917B08F66D99170C3DAD2A /* [CP] Embed Pods Frameworks */ = {
			isa = PBXShellScriptBuildPhase;
			buildActionMask = 2147483647;
			files = (
			);
			inputPaths = (
			);
			name = "[CP] Embed Pods Frameworks";
			outputPaths = (
			);
			runOnlyForDeploymentPostprocessing = 0;
			shellPath = /bin/sh;
			shellScript = "\"${SRCROOT}/Pods/Target Support Files/Pods-GoDutch/Pods-GoDutch-frameworks.sh\"\n";
			showEnvVarsInLog = 0;
		};
		7F6DFDC739D3E2BD07920050 /* [CP] Check Pods Manifest.lock */ = {
			isa = PBXShellScriptBuildPhase;
			buildActionMask = 2147483647;
			files = (
			);
			inputPaths = (
			);
			name = "[CP] Check Pods Manifest.lock";
			outputPaths = (
			);
			runOnlyForDeploymentPostprocessing = 0;
			shellPath = /bin/sh;
			shellScript = "diff \"${PODS_ROOT}/../Podfile.lock\" \"${PODS_ROOT}/Manifest.lock\" > /dev/null\nif [[ $? != 0 ]] ; then\n    cat << EOM\nerror: The sandbox is not in sync with the Podfile.lock. Run 'pod install' or update your CocoaPods installation.\nEOM\n    exit 1\nfi\n";
			showEnvVarsInLog = 0;
		};
/* End PBXShellScriptBuildPhase section */

/* Begin PBXSourcesBuildPhase section */
		01928C681D21E1780031195F /* Sources */ = {
			isa = PBXSourcesBuildPhase;
			buildActionMask = 2147483647;
			files = (
				01928C841D220D110031195F /* ViewController.swift in Sources */,
				01928C701D21E1780031195F /* AppDelegate.swift in Sources */,
			);
			runOnlyForDeploymentPostprocessing = 0;
		};
/* End PBXSourcesBuildPhase section */

/* Begin PBXVariantGroup section */
		01928C731D21E1780031195F /* Main.storyboard */ = {
			isa = PBXVariantGroup;
			children = (
				01928C741D21E1780031195F /* Base */,
			);
			name = Main.storyboard;
			sourceTree = "<group>";
		};
		01928C781D21E1780031195F /* LaunchScreen.storyboard */ = {
			isa = PBXVariantGroup;
			children = (
				01928C791D21E1780031195F /* Base */,
			);
			name = LaunchScreen.storyboard;
			sourceTree = "<group>";
		};
		019939841D2C23C8007FBE6C /* SalesforceSans-Light.ttf */ = {
			isa = PBXVariantGroup;
			children = (
				019939831D2C23C8007FBE6C /* en */,
			);
			name = "SalesforceSans-Light.ttf";
			path = Pods/DesignSystem/SalesforceDesignSystem.bundle;
			sourceTree = "<group>";
		};
/* End PBXVariantGroup section */

/* Begin XCBuildConfiguration section */
		01928C7C1D21E1780031195F /* Debug */ = {
			isa = XCBuildConfiguration;
			buildSettings = {
				ALWAYS_SEARCH_USER_PATHS = NO;
				CLANG_ANALYZER_NONNULL = YES;
				CLANG_CXX_LANGUAGE_STANDARD = "gnu++0x";
				CLANG_CXX_LIBRARY = "libc++";
				CLANG_ENABLE_MODULES = YES;
				CLANG_ENABLE_OBJC_ARC = YES;
				CLANG_WARN_BOOL_CONVERSION = YES;
				CLANG_WARN_CONSTANT_CONVERSION = YES;
				CLANG_WARN_DIRECT_OBJC_ISA_USAGE = YES_ERROR;
				CLANG_WARN_EMPTY_BODY = YES;
				CLANG_WARN_ENUM_CONVERSION = YES;
				CLANG_WARN_INT_CONVERSION = YES;
				CLANG_WARN_OBJC_ROOT_CLASS = YES_ERROR;
				CLANG_WARN_UNREACHABLE_CODE = YES;
				CLANG_WARN__DUPLICATE_METHOD_MATCH = YES;
				"CODE_SIGN_IDENTITY[sdk=iphoneos*]" = "iPhone Developer";
				COPY_PHASE_STRIP = NO;
				DEBUG_INFORMATION_FORMAT = dwarf;
				ENABLE_STRICT_OBJC_MSGSEND = YES;
				ENABLE_TESTABILITY = YES;
				GCC_C_LANGUAGE_STANDARD = gnu99;
				GCC_DYNAMIC_NO_PIC = NO;
				GCC_NO_COMMON_BLOCKS = YES;
				GCC_OPTIMIZATION_LEVEL = 0;
				GCC_PREPROCESSOR_DEFINITIONS = (
					"DEBUG=1",
					"$(inherited)",
				);
				GCC_WARN_64_TO_32_BIT_CONVERSION = YES;
				GCC_WARN_ABOUT_RETURN_TYPE = YES_ERROR;
				GCC_WARN_UNDECLARED_SELECTOR = YES;
				GCC_WARN_UNINITIALIZED_AUTOS = YES_AGGRESSIVE;
				GCC_WARN_UNUSED_FUNCTION = YES;
				GCC_WARN_UNUSED_VARIABLE = YES;
				IPHONEOS_DEPLOYMENT_TARGET = 9.3;
				MTL_ENABLE_DEBUG_INFO = YES;
				ONLY_ACTIVE_ARCH = YES;
				SDKROOT = iphoneos;
				SWIFT_OPTIMIZATION_LEVEL = "-Onone";
			};
			name = Debug;
		};
		01928C7D1D21E1780031195F /* Release */ = {
			isa = XCBuildConfiguration;
			buildSettings = {
				ALWAYS_SEARCH_USER_PATHS = NO;
				CLANG_ANALYZER_NONNULL = YES;
				CLANG_CXX_LANGUAGE_STANDARD = "gnu++0x";
				CLANG_CXX_LIBRARY = "libc++";
				CLANG_ENABLE_MODULES = YES;
				CLANG_ENABLE_OBJC_ARC = YES;
				CLANG_WARN_BOOL_CONVERSION = YES;
				CLANG_WARN_CONSTANT_CONVERSION = YES;
				CLANG_WARN_DIRECT_OBJC_ISA_USAGE = YES_ERROR;
				CLANG_WARN_EMPTY_BODY = YES;
				CLANG_WARN_ENUM_CONVERSION = YES;
				CLANG_WARN_INT_CONVERSION = YES;
				CLANG_WARN_OBJC_ROOT_CLASS = YES_ERROR;
				CLANG_WARN_UNREACHABLE_CODE = YES;
				CLANG_WARN__DUPLICATE_METHOD_MATCH = YES;
				"CODE_SIGN_IDENTITY[sdk=iphoneos*]" = "iPhone Developer";
				COPY_PHASE_STRIP = NO;
				DEBUG_INFORMATION_FORMAT = "dwarf-with-dsym";
				ENABLE_NS_ASSERTIONS = NO;
				ENABLE_STRICT_OBJC_MSGSEND = YES;
				GCC_C_LANGUAGE_STANDARD = gnu99;
				GCC_NO_COMMON_BLOCKS = YES;
				GCC_WARN_64_TO_32_BIT_CONVERSION = YES;
				GCC_WARN_ABOUT_RETURN_TYPE = YES_ERROR;
				GCC_WARN_UNDECLARED_SELECTOR = YES;
				GCC_WARN_UNINITIALIZED_AUTOS = YES_AGGRESSIVE;
				GCC_WARN_UNUSED_FUNCTION = YES;
				GCC_WARN_UNUSED_VARIABLE = YES;
				IPHONEOS_DEPLOYMENT_TARGET = 9.3;
				MTL_ENABLE_DEBUG_INFO = NO;
				SDKROOT = iphoneos;
				VALIDATE_PRODUCT = YES;
			};
			name = Release;
		};
		01928C7F1D21E1780031195F /* Debug */ = {
			isa = XCBuildConfiguration;
			baseConfigurationReference = 6AF113C9F2CB17CB5D2983CB /* Pods-GoDutch.debug.xcconfig */;
			buildSettings = {
				ASSETCATALOG_COMPILER_APPICON_NAME = AppIcon;
				CODE_SIGN_IDENTITY = "iPhone Developer";
				"CODE_SIGN_IDENTITY[sdk=iphoneos*]" = "iPhone Developer";
				FRAMEWORK_SEARCH_PATHS = "";
				INFOPLIST_FILE = GoDutch/Info.plist;
				LD_RUNPATH_SEARCH_PATHS = "$(inherited) @executable_path/Frameworks";
				PRODUCT_BUNDLE_IDENTIFIER = com.chrisargo.GoDutch;
				PRODUCT_NAME = "$(TARGET_NAME)";
				PROVISIONING_PROFILE = "";
			};
			name = Debug;
		};
		01928C801D21E1780031195F /* Release */ = {
			isa = XCBuildConfiguration;
			baseConfigurationReference = 289515A38BA4367137955A0F /* Pods-GoDutch.release.xcconfig */;
			buildSettings = {
				ASSETCATALOG_COMPILER_APPICON_NAME = AppIcon;
				CODE_SIGN_IDENTITY = "iPhone Developer";
				"CODE_SIGN_IDENTITY[sdk=iphoneos*]" = "iPhone Developer";
				FRAMEWORK_SEARCH_PATHS = "";
				INFOPLIST_FILE = GoDutch/Info.plist;
				LD_RUNPATH_SEARCH_PATHS = "$(inherited) @executable_path/Frameworks";
				PRODUCT_BUNDLE_IDENTIFIER = com.chrisargo.GoDutch;
				PRODUCT_NAME = "$(TARGET_NAME)";
				PROVISIONING_PROFILE = "";
			};
			name = Release;
		};
/* End XCBuildConfiguration section */

/* Begin XCConfigurationList section */
		01928C671D21E1780031195F /* Build configuration list for PBXProject "GoDutch" */ = {
			isa = XCConfigurationList;
			buildConfigurations = (
				01928C7C1D21E1780031195F /* Debug */,
				01928C7D1D21E1780031195F /* Release */,
			);
			defaultConfigurationIsVisible = 0;
			defaultConfigurationName = Release;
		};
		01928C7E1D21E1780031195F /* Build configuration list for PBXNativeTarget "GoDutch" */ = {
			isa = XCConfigurationList;
			buildConfigurations = (
				01928C7F1D21E1780031195F /* Debug */,
				01928C801D21E1780031195F /* Release */,
			);
			defaultConfigurationIsVisible = 0;
			defaultConfigurationName = Release;
		};
/* End XCConfigurationList section */
	};
	rootObject = 01928C641D21E1780031195F /* Project object */;
}
